// !$*UTF8*$!
{
	archiveVersion = 1;
	classes = {
	};
	objectVersion = 50;
	objects = {

/* Begin PBXBuildFile section */
		33C3DF672715D2A80085BCE1 /* AppDelegate.swift in Sources */ = {isa = PBXBuildFile; fileRef = 33C3DF662715D2A80085BCE1 /* AppDelegate.swift */; };
		33C3DF692715D2A80085BCE1 /* SceneDelegate.swift in Sources */ = {isa = PBXBuildFile; fileRef = 33C3DF682715D2A80085BCE1 /* SceneDelegate.swift */; };
		33C3DF6B2715D2A80085BCE1 /* ViewController.swift in Sources */ = {isa = PBXBuildFile; fileRef = 33C3DF6A2715D2A80085BCE1 /* ViewController.swift */; };
		33C3DF6E2715D2A80085BCE1 /* Main.storyboard in Resources */ = {isa = PBXBuildFile; fileRef = 33C3DF6C2715D2A80085BCE1 /* Main.storyboard */; };
		33C3DF702715D2AA0085BCE1 /* Assets.xcassets in Resources */ = {isa = PBXBuildFile; fileRef = 33C3DF6F2715D2AA0085BCE1 /* Assets.xcassets */; };
		33C3DF732715D2AA0085BCE1 /* LaunchScreen.storyboard in Resources */ = {isa = PBXBuildFile; fileRef = 33C3DF712715D2AA0085BCE1 /* LaunchScreen.storyboard */; };
		33C3DF7E2715D2AA0085BCE1 /* RetirementCalculatorTests.swift in Sources */ = {isa = PBXBuildFile; fileRef = 33C3DF7D2715D2AA0085BCE1 /* RetirementCalculatorTests.swift */; };
		33C3DF892715D2AA0085BCE1 /* RetirementCalculatorUITests.swift in Sources */ = {isa = PBXBuildFile; fileRef = 33C3DF882715D2AA0085BCE1 /* RetirementCalculatorUITests.swift */; };
/* End PBXBuildFile section */

/* Begin PBXContainerItemProxy section */
		33C3DF7A2715D2AA0085BCE1 /* PBXContainerItemProxy */ = {
			isa = PBXContainerItemProxy;
			containerPortal = 33C3DF5B2715D2A80085BCE1 /* Project object */;
			proxyType = 1;
			remoteGlobalIDString = 33C3DF622715D2A80085BCE1;
			remoteInfo = RetirementCalculator;
		};
		33C3DF852715D2AA0085BCE1 /* PBXContainerItemProxy */ = {
			isa = PBXContainerItemProxy;
			containerPortal = 33C3DF5B2715D2A80085BCE1 /* Project object */;
			proxyType = 1;
			remoteGlobalIDString = 33C3DF622715D2A80085BCE1;
			remoteInfo = RetirementCalculator;
		};
/* End PBXContainerItemProxy section */

/* Begin PBXFileReference section */
		33C3DF632715D2A80085BCE1 /* RetirementCalculator.app */ = {isa = PBXFileReference; explicitFileType = wrapper.application; includeInIndex = 0; path = RetirementCalculator.app; sourceTree = BUILT_PRODUCTS_DIR; };
		33C3DF662715D2A80085BCE1 /* AppDelegate.swift */ = {isa = PBXFileReference; lastKnownFileType = sourcecode.swift; path = AppDelegate.swift; sourceTree = "<group>"; };
		33C3DF682715D2A80085BCE1 /* SceneDelegate.swift */ = {isa = PBXFileReference; lastKnownFileType = sourcecode.swift; path = SceneDelegate.swift; sourceTree = "<group>"; };
		33C3DF6A2715D2A80085BCE1 /* ViewController.swift */ = {isa = PBXFileReference; lastKnownFileType = sourcecode.swift; path = ViewController.swift; sourceTree = "<group>"; };
		33C3DF6D2715D2A80085BCE1 /* Base */ = {isa = PBXFileReference; lastKnownFileType = file.storyboard; name = Base; path = Base.lproj/Main.storyboard; sourceTree = "<group>"; };
		33C3DF6F2715D2AA0085BCE1 /* Assets.xcassets */ = {isa = PBXFileReference; lastKnownFileType = folder.assetcatalog; path = Assets.xcassets; sourceTree = "<group>"; };
		33C3DF722715D2AA0085BCE1 /* Base */ = {isa = PBXFileReference; lastKnownFileType = file.storyboard; name = Base; path = Base.lproj/LaunchScreen.storyboard; sourceTree = "<group>"; };
		33C3DF742715D2AA0085BCE1 /* Info.plist */ = {isa = PBXFileReference; lastKnownFileType = text.plist.xml; path = Info.plist; sourceTree = "<group>"; };
		33C3DF792715D2AA0085BCE1 /* RetirementCalculatorTests.xctest */ = {isa = PBXFileReference; explicitFileType = wrapper.cfbundle; includeInIndex = 0; path = RetirementCalculatorTests.xctest; sourceTree = BUILT_PRODUCTS_DIR; };
		33C3DF7D2715D2AA0085BCE1 /* RetirementCalculatorTests.swift */ = {isa = PBXFileReference; lastKnownFileType = sourcecode.swift; path = RetirementCalculatorTests.swift; sourceTree = "<group>"; };
		33C3DF7F2715D2AA0085BCE1 /* Info.plist */ = {isa = PBXFileReference; lastKnownFileType = text.plist.xml; path = Info.plist; sourceTree = "<group>"; };
		33C3DF842715D2AA0085BCE1 /* RetirementCalculatorUITests.xctest */ = {isa = PBXFileReference; explicitFileType = wrapper.cfbundle; includeInIndex = 0; path = RetirementCalculatorUITests.xctest; sourceTree = BUILT_PRODUCTS_DIR; };
		33C3DF882715D2AA0085BCE1 /* RetirementCalculatorUITests.swift */ = {isa = PBXFileReference; lastKnownFileType = sourcecode.swift; path = RetirementCalculatorUITests.swift; sourceTree = "<group>"; };
		33C3DF8A2715D2AA0085BCE1 /* Info.plist */ = {isa = PBXFileReference; lastKnownFileType = text.plist.xml; path = Info.plist; sourceTree = "<group>"; };
/* End PBXFileReference section */

/* Begin PBXFrameworksBuildPhase section */
		33C3DF602715D2A80085BCE1 /* Frameworks */ = {
			isa = PBXFrameworksBuildPhase;
			buildActionMask = 2147483647;
			files = (
			);
			runOnlyForDeploymentPostprocessing = 0;
		};
		33C3DF762715D2AA0085BCE1 /* Frameworks */ = {
			isa = PBXFrameworksBuildPhase;
			buildActionMask = 2147483647;
			files = (
			);
			runOnlyForDeploymentPostprocessing = 0;
		};
		33C3DF812715D2AA0085BCE1 /* Frameworks */ = {
			isa = PBXFrameworksBuildPhase;
			buildActionMask = 2147483647;
			files = (
			);
			runOnlyForDeploymentPostprocessing = 0;
		};
/* End PBXFrameworksBuildPhase section */

/* Begin PBXGroup section */
		33C3DF5A2715D2A80085BCE1 = {
			isa = PBXGroup;
			children = (
				33C3DF652715D2A80085BCE1 /* RetirementCalculator */,
				33C3DF7C2715D2AA0085BCE1 /* RetirementCalculatorTests */,
				33C3DF872715D2AA0085BCE1 /* RetirementCalculatorUITests */,
				33C3DF642715D2A80085BCE1 /* Products */,
			);
			sourceTree = "<group>";
		};
		33C3DF642715D2A80085BCE1 /* Products */ = {
			isa = PBXGroup;
			children = (
				33C3DF632715D2A80085BCE1 /* RetirementCalculator.app */,
				33C3DF792715D2AA0085BCE1 /* RetirementCalculatorTests.xctest */,
				33C3DF842715D2AA0085BCE1 /* RetirementCalculatorUITests.xctest */,
			);
			name = Products;
			sourceTree = "<group>";
		};
		33C3DF652715D2A80085BCE1 /* RetirementCalculator */ = {
			isa = PBXGroup;
			children = (
				33C3DF662715D2A80085BCE1 /* AppDelegate.swift */,
				33C3DF682715D2A80085BCE1 /* SceneDelegate.swift */,
				33C3DF6A2715D2A80085BCE1 /* ViewController.swift */,
				33C3DF6C2715D2A80085BCE1 /* Main.storyboard */,
				33C3DF6F2715D2AA0085BCE1 /* Assets.xcassets */,
				33C3DF712715D2AA0085BCE1 /* LaunchScreen.storyboard */,
				33C3DF742715D2AA0085BCE1 /* Info.plist */,
			);
			path = RetirementCalculator;
			sourceTree = "<group>";
		};
		33C3DF7C2715D2AA0085BCE1 /* RetirementCalculatorTests */ = {
			isa = PBXGroup;
			children = (
				33C3DF7D2715D2AA0085BCE1 /* RetirementCalculatorTests.swift */,
				33C3DF7F2715D2AA0085BCE1 /* Info.plist */,
			);
			path = RetirementCalculatorTests;
			sourceTree = "<group>";
		};
		33C3DF872715D2AA0085BCE1 /* RetirementCalculatorUITests */ = {
			isa = PBXGroup;
			children = (
				33C3DF882715D2AA0085BCE1 /* RetirementCalculatorUITests.swift */,
				33C3DF8A2715D2AA0085BCE1 /* Info.plist */,
			);
			path = RetirementCalculatorUITests;
			sourceTree = "<group>";
		};
/* End PBXGroup section */

/* Begin PBXNativeTarget section */
		33C3DF622715D2A80085BCE1 /* RetirementCalculator */ = {
			isa = PBXNativeTarget;
			buildConfigurationList = 33C3DF8D2715D2AA0085BCE1 /* Build configuration list for PBXNativeTarget "RetirementCalculator" */;
			buildPhases = (
				33C3DF5F2715D2A80085BCE1 /* Sources */,
				33C3DF602715D2A80085BCE1 /* Frameworks */,
				33C3DF612715D2A80085BCE1 /* Resources */,
			);
			buildRules = (
			);
			dependencies = (
			);
			name = RetirementCalculator;
			productName = RetirementCalculator;
			productReference = 33C3DF632715D2A80085BCE1 /* RetirementCalculator.app */;
			productType = "com.apple.product-type.application";
		};
		33C3DF782715D2AA0085BCE1 /* RetirementCalculatorTests */ = {
			isa = PBXNativeTarget;
			buildConfigurationList = 33C3DF902715D2AA0085BCE1 /* Build configuration list for PBXNativeTarget "RetirementCalculatorTests" */;
			buildPhases = (
				33C3DF752715D2AA0085BCE1 /* Sources */,
				33C3DF762715D2AA0085BCE1 /* Frameworks */,
				33C3DF772715D2AA0085BCE1 /* Resources */,
			);
			buildRules = (
			);
			dependencies = (
				33C3DF7B2715D2AA0085BCE1 /* PBXTargetDependency */,
			);
			name = RetirementCalculatorTests;
			productName = RetirementCalculatorTests;
			productReference = 33C3DF792715D2AA0085BCE1 /* RetirementCalculatorTests.xctest */;
			productType = "com.apple.product-type.bundle.unit-test";
		};
		33C3DF832715D2AA0085BCE1 /* RetirementCalculatorUITests */ = {
			isa = PBXNativeTarget;
			buildConfigurationList = 33C3DF932715D2AA0085BCE1 /* Build configuration list for PBXNativeTarget "RetirementCalculatorUITests" */;
			buildPhases = (
				33C3DF802715D2AA0085BCE1 /* Sources */,
				33C3DF812715D2AA0085BCE1 /* Frameworks */,
				33C3DF822715D2AA0085BCE1 /* Resources */,
			);
			buildRules = (
			);
			dependencies = (
				33C3DF862715D2AA0085BCE1 /* PBXTargetDependency */,
			);
			name = RetirementCalculatorUITests;
			productName = RetirementCalculatorUITests;
			productReference = 33C3DF842715D2AA0085BCE1 /* RetirementCalculatorUITests.xctest */;
			productType = "com.apple.product-type.bundle.ui-testing";
		};
/* End PBXNativeTarget section */

/* Begin PBXProject section */
		33C3DF5B2715D2A80085BCE1 /* Project object */ = {
			isa = PBXProject;
			attributes = {
				LastSwiftUpdateCheck = 1250;
				LastUpgradeCheck = 1250;
				TargetAttributes = {
					33C3DF622715D2A80085BCE1 = {
						CreatedOnToolsVersion = 12.5.1;
					};
					33C3DF782715D2AA0085BCE1 = {
						CreatedOnToolsVersion = 12.5.1;
						TestTargetID = 33C3DF622715D2A80085BCE1;
					};
					33C3DF832715D2AA0085BCE1 = {
						CreatedOnToolsVersion = 12.5.1;
						TestTargetID = 33C3DF622715D2A80085BCE1;
					};
				};
			};
			buildConfigurationList = 33C3DF5E2715D2A80085BCE1 /* Build configuration list for PBXProject "RetirementCalculator" */;
			compatibilityVersion = "Xcode 9.3";
			developmentRegion = en;
			hasScannedForEncodings = 0;
			knownRegions = (
				en,
				Base,
			);
			mainGroup = 33C3DF5A2715D2A80085BCE1;
			productRefGroup = 33C3DF642715D2A80085BCE1 /* Products */;
			projectDirPath = "";
			projectRoot = "";
			targets = (
				33C3DF622715D2A80085BCE1 /* RetirementCalculator */,
				33C3DF782715D2AA0085BCE1 /* RetirementCalculatorTests */,
				33C3DF832715D2AA0085BCE1 /* RetirementCalculatorUITests */,
			);
		};
/* End PBXProject section */

/* Begin PBXResourcesBuildPhase section */
		33C3DF612715D2A80085BCE1 /* Resources */ = {
			isa = PBXResourcesBuildPhase;
			buildActionMask = 2147483647;
			files = (
				33C3DF732715D2AA0085BCE1 /* LaunchScreen.storyboard in Resources */,
				33C3DF702715D2AA0085BCE1 /* Assets.xcassets in Resources */,
				33C3DF6E2715D2A80085BCE1 /* Main.storyboard in Resources */,
			);
			runOnlyForDeploymentPostprocessing = 0;
		};
		33C3DF772715D2AA0085BCE1 /* Resources */ = {
			isa = PBXResourcesBuildPhase;
			buildActionMask = 2147483647;
			files = (
			);
			runOnlyForDeploymentPostprocessing = 0;
		};
		33C3DF822715D2AA0085BCE1 /* Resources */ = {
			isa = PBXResourcesBuildPhase;
			buildActionMask = 2147483647;
			files = (
			);
			runOnlyForDeploymentPostprocessing = 0;
		};
/* End PBXResourcesBuildPhase section */

/* Begin PBXSourcesBuildPhase section */
		33C3DF5F2715D2A80085BCE1 /* Sources */ = {
			isa = PBXSourcesBuildPhase;
			buildActionMask = 2147483647;
			files = (
				33C3DF6B2715D2A80085BCE1 /* ViewController.swift in Sources */,
				33C3DF672715D2A80085BCE1 /* AppDelegate.swift in Sources */,
				33C3DF692715D2A80085BCE1 /* SceneDelegate.swift in Sources */,
			);
			runOnlyForDeploymentPostprocessing = 0;
		};
		33C3DF752715D2AA0085BCE1 /* Sources */ = {
			isa = PBXSourcesBuildPhase;
			buildActionMask = 2147483647;
			files = (
				33C3DF7E2715D2AA0085BCE1 /* RetirementCalculatorTests.swift in Sources */,
			);
			runOnlyForDeploymentPostprocessing = 0;
		};
		33C3DF802715D2AA0085BCE1 /* Sources */ = {
			isa = PBXSourcesBuildPhase;
			buildActionMask = 2147483647;
			files = (
				33C3DF892715D2AA0085BCE1 /* RetirementCalculatorUITests.swift in Sources */,
			);
			runOnlyForDeploymentPostprocessing = 0;
		};
/* End PBXSourcesBuildPhase section */

/* Begin PBXTargetDependency section */
		33C3DF7B2715D2AA0085BCE1 /* PBXTargetDependency */ = {
			isa = PBXTargetDependency;
			target = 33C3DF622715D2A80085BCE1 /* RetirementCalculator */;
			targetProxy = 33C3DF7A2715D2AA0085BCE1 /* PBXContainerItemProxy */;
		};
		33C3DF862715D2AA0085BCE1 /* PBXTargetDependency */ = {
			isa = PBXTargetDependency;
			target = 33C3DF622715D2A80085BCE1 /* RetirementCalculator */;
			targetProxy = 33C3DF852715D2AA0085BCE1 /* PBXContainerItemProxy */;
		};
/* End PBXTargetDependency section */

/* Begin PBXVariantGroup section */
		33C3DF6C2715D2A80085BCE1 /* Main.storyboard */ = {
			isa = PBXVariantGroup;
			children = (
				33C3DF6D2715D2A80085BCE1 /* Base */,
			);
			name = Main.storyboard;
			sourceTree = "<group>";
		};
		33C3DF712715D2AA0085BCE1 /* LaunchScreen.storyboard */ = {
			isa = PBXVariantGroup;
			children = (
				33C3DF722715D2AA0085BCE1 /* Base */,
			);
			name = LaunchScreen.storyboard;
			sourceTree = "<group>";
		};
/* End PBXVariantGroup section */

/* Begin XCBuildConfiguration section */
		33C3DF8B2715D2AA0085BCE1 /* Debug */ = {
			isa = XCBuildConfiguration;
			buildSettings = {
				ALWAYS_SEARCH_USER_PATHS = NO;
				CLANG_ANALYZER_NONNULL = YES;
				CLANG_ANALYZER_NUMBER_OBJECT_CONVERSION = YES_AGGRESSIVE;
				CLANG_CXX_LANGUAGE_STANDARD = "gnu++14";
				CLANG_CXX_LIBRARY = "libc++";
				CLANG_ENABLE_MODULES = YES;
				CLANG_ENABLE_OBJC_ARC = YES;
				CLANG_ENABLE_OBJC_WEAK = YES;
				CLANG_WARN_BLOCK_CAPTURE_AUTORELEASING = YES;
				CLANG_WARN_BOOL_CONVERSION = YES;
				CLANG_WARN_COMMA = YES;
				CLANG_WARN_CONSTANT_CONVERSION = YES;
				CLANG_WARN_DEPRECATED_OBJC_IMPLEMENTATIONS = YES;
				CLANG_WARN_DIRECT_OBJC_ISA_USAGE = YES_ERROR;
				CLANG_WARN_DOCUMENTATION_COMMENTS = YES;
				CLANG_WARN_EMPTY_BODY = YES;
				CLANG_WARN_ENUM_CONVERSION = YES;
				CLANG_WARN_INFINITE_RECURSION = YES;
				CLANG_WARN_INT_CONVERSION = YES;
				CLANG_WARN_NON_LITERAL_NULL_CONVERSION = YES;
				CLANG_WARN_OBJC_IMPLICIT_RETAIN_SELF = YES;
				CLANG_WARN_OBJC_LITERAL_CONVERSION = YES;
				CLANG_WARN_OBJC_ROOT_CLASS = YES_ERROR;
				CLANG_WARN_QUOTED_INCLUDE_IN_FRAMEWORK_HEADER = YES;
				CLANG_WARN_RANGE_LOOP_ANALYSIS = YES;
				CLANG_WARN_STRICT_PROTOTYPES = YES;
				CLANG_WARN_SUSPICIOUS_MOVE = YES;
				CLANG_WARN_UNGUARDED_AVAILABILITY = YES_AGGRESSIVE;
				CLANG_WARN_UNREACHABLE_CODE = YES;
				CLANG_WARN__DUPLICATE_METHOD_MATCH = YES;
				COPY_PHASE_STRIP = NO;
				DEBUG_INFORMATION_FORMAT = dwarf;
				ENABLE_STRICT_OBJC_MSGSEND = YES;
				ENABLE_TESTABILITY = YES;
				GCC_C_LANGUAGE_STANDARD = gnu11;
				GCC_DYNAMIC_NO_PIC = NO;
				GCC_NO_COMMON_BLOCKS = YES;
				GCC_OPTIMIZATION_LEVEL = 0;
				GCC_PREPROCESSOR_DEFINITIONS = (
					"DEBUG=1",
					"$(inherited)",
				);
				GCC_WARN_64_TO_32_BIT_CONVERSION = YES;
				GCC_WARN_ABOUT_RETURN_TYPE = YES_ERROR;
				GCC_WARN_UNDECLARED_SELECTOR = YES;
				GCC_WARN_UNINITIALIZED_AUTOS = YES_AGGRESSIVE;
				GCC_WARN_UNUSED_FUNCTION = YES;
				GCC_WARN_UNUSED_VARIABLE = YES;
				IPHONEOS_DEPLOYMENT_TARGET = 14.5;
				MTL_ENABLE_DEBUG_INFO = INCLUDE_SOURCE;
				MTL_FAST_MATH = YES;
				ONLY_ACTIVE_ARCH = YES;
				SDKROOT = iphoneos;
				SWIFT_ACTIVE_COMPILATION_CONDITIONS = DEBUG;
				SWIFT_OPTIMIZATION_LEVEL = "-Onone";
			};
			name = Debug;
		};
		33C3DF8C2715D2AA0085BCE1 /* Release */ = {
			isa = XCBuildConfiguration;
			buildSettings = {
				ALWAYS_SEARCH_USER_PATHS = NO;
				CLANG_ANALYZER_NONNULL = YES;
				CLANG_ANALYZER_NUMBER_OBJECT_CONVERSION = YES_AGGRESSIVE;
				CLANG_CXX_LANGUAGE_STANDARD = "gnu++14";
				CLANG_CXX_LIBRARY = "libc++";
				CLANG_ENABLE_MODULES = YES;
				CLANG_ENABLE_OBJC_ARC = YES;
				CLANG_ENABLE_OBJC_WEAK = YES;
				CLANG_WARN_BLOCK_CAPTURE_AUTORELEASING = YES;
				CLANG_WARN_BOOL_CONVERSION = YES;
				CLANG_WARN_COMMA = YES;
				CLANG_WARN_CONSTANT_CONVERSION = YES;
				CLANG_WARN_DEPRECATED_OBJC_IMPLEMENTATIONS = YES;
				CLANG_WARN_DIRECT_OBJC_ISA_USAGE = YES_ERROR;
				CLANG_WARN_DOCUMENTATION_COMMENTS = YES;
				CLANG_WARN_EMPTY_BODY = YES;
				CLANG_WARN_ENUM_CONVERSION = YES;
				CLANG_WARN_INFINITE_RECURSION = YES;
				CLANG_WARN_INT_CONVERSION = YES;
				CLANG_WARN_NON_LITERAL_NULL_CONVERSION = YES;
				CLANG_WARN_OBJC_IMPLICIT_RETAIN_SELF = YES;
				CLANG_WARN_OBJC_LITERAL_CONVERSION = YES;
				CLANG_WARN_OBJC_ROOT_CLASS = YES_ERROR;
				CLANG_WARN_QUOTED_INCLUDE_IN_FRAMEWORK_HEADER = YES;
				CLANG_WARN_RANGE_LOOP_ANALYSIS = YES;
				CLANG_WARN_STRICT_PROTOTYPES = YES;
				CLANG_WARN_SUSPICIOUS_MOVE = YES;
				CLANG_WARN_UNGUARDED_AVAILABILITY = YES_AGGRESSIVE;
				CLANG_WARN_UNREACHABLE_CODE = YES;
				CLANG_WARN__DUPLICATE_METHOD_MATCH = YES;
				COPY_PHASE_STRIP = NO;
				DEBUG_INFORMATION_FORMAT = "dwarf-with-dsym";
				ENABLE_NS_ASSERTIONS = NO;
				ENABLE_STRICT_OBJC_MSGSEND = YES;
				GCC_C_LANGUAGE_STANDARD = gnu11;
				GCC_NO_COMMON_BLOCKS = YES;
				GCC_WARN_64_TO_32_BIT_CONVERSION = YES;
				GCC_WARN_ABOUT_RETURN_TYPE = YES_ERROR;
				GCC_WARN_UNDECLARED_SELECTOR = YES;
				GCC_WARN_UNINITIALIZED_AUTOS = YES_AGGRESSIVE;
				GCC_WARN_UNUSED_FUNCTION = YES;
				GCC_WARN_UNUSED_VARIABLE = YES;
				IPHONEOS_DEPLOYMENT_TARGET = 14.5;
				MTL_ENABLE_DEBUG_INFO = NO;
				MTL_FAST_MATH = YES;
				SDKROOT = iphoneos;
				SWIFT_COMPILATION_MODE = wholemodule;
				SWIFT_OPTIMIZATION_LEVEL = "-O";
				VALIDATE_PRODUCT = YES;
			};
			name = Release;
		};
		33C3DF8E2715D2AA0085BCE1 /* Debug */ = {
			isa = XCBuildConfiguration;
			buildSettings = {
				ASSETCATALOG_COMPILER_APPICON_NAME = AppIcon;
				ASSETCATALOG_COMPILER_GLOBAL_ACCENT_COLOR_NAME = AccentColor;
				CODE_SIGN_STYLE = Automatic;
				DEVELOPMENT_TEAM = 6RB7NH47H2;
				INFOPLIST_FILE = RetirementCalculator/Info.plist;
				LD_RUNPATH_SEARCH_PATHS = (
					"$(inherited)",
					"@executable_path/Frameworks",
				);
				PRODUCT_BUNDLE_IDENTIFIER = com.bn.software.RetirementCalculator;
				PRODUCT_NAME = "$(TARGET_NAME)";
				SWIFT_VERSION = 5.0;
				TARGETED_DEVICE_FAMILY = "1,2";
			};
			name = Debug;
		};
		33C3DF8F2715D2AA0085BCE1 /* Release */ = {
			isa = XCBuildConfiguration;
			buildSettings = {
				ASSETCATALOG_COMPILER_APPICON_NAME = AppIcon;
				ASSETCATALOG_COMPILER_GLOBAL_ACCENT_COLOR_NAME = AccentColor;
				CODE_SIGN_STYLE = Automatic;
				DEVELOPMENT_TEAM = 6RB7NH47H2;
				INFOPLIST_FILE = RetirementCalculator/Info.plist;
				LD_RUNPATH_SEARCH_PATHS = (
					"$(inherited)",
					"@executable_path/Frameworks",
				);
				PRODUCT_BUNDLE_IDENTIFIER = com.bn.software.RetirementCalculator;
				PRODUCT_NAME = "$(TARGET_NAME)";
				SWIFT_VERSION = 5.0;
				TARGETED_DEVICE_FAMILY = "1,2";
			};
			name = Release;
		};
		33C3DF912715D2AA0085BCE1 /* Debug */ = {
			isa = XCBuildConfiguration;
			buildSettings = {
				ALWAYS_EMBED_SWIFT_STANDARD_LIBRARIES = YES;
				BUNDLE_LOADER = "$(TEST_HOST)";
				CODE_SIGN_STYLE = Automatic;
				DEVELOPMENT_TEAM = 6RB7NH47H2;
				INFOPLIST_FILE = RetirementCalculatorTests/Info.plist;
				IPHONEOS_DEPLOYMENT_TARGET = 14.5;
				LD_RUNPATH_SEARCH_PATHS = (
					"$(inherited)",
					"@executable_path/Frameworks",
					"@loader_path/Frameworks",
				);
				PRODUCT_BUNDLE_IDENTIFIER = com.bn.software.RetirementCalculatorTests;
				PRODUCT_NAME = "$(TARGET_NAME)";
				SWIFT_VERSION = 5.0;
				TARGETED_DEVICE_FAMILY = "1,2";
				TEST_HOST = "$(BUILT_PRODUCTS_DIR)/RetirementCalculator.app/RetirementCalculator";
			};
			name = Debug;
		};
		33C3DF922715D2AA0085BCE1 /* Release */ = {
			isa = XCBuildConfiguration;
			buildSettings = {
				ALWAYS_EMBED_SWIFT_STANDARD_LIBRARIES = YES;
				BUNDLE_LOADER = "$(TEST_HOST)";
				CODE_SIGN_STYLE = Automatic;
				DEVELOPMENT_TEAM = 6RB7NH47H2;
				INFOPLIST_FILE = RetirementCalculatorTests/Info.plist;
				IPHONEOS_DEPLOYMENT_TARGET = 14.5;
				LD_RUNPATH_SEARCH_PATHS = (
					"$(inherited)",
					"@executable_path/Frameworks",
					"@loader_path/Frameworks",
				);
				PRODUCT_BUNDLE_IDENTIFIER = com.bn.software.RetirementCalculatorTests;
				PRODUCT_NAME = "$(TARGET_NAME)";
				SWIFT_VERSION = 5.0;
				TARGETED_DEVICE_FAMILY = "1,2";
				TEST_HOST = "$(BUILT_PRODUCTS_DIR)/RetirementCalculator.app/RetirementCalculator";
			};
			name = Release;
		};
		33C3DF942715D2AA0085BCE1 /* Debug */ = {
			isa = XCBuildConfiguration;
			buildSettings = {
				ALWAYS_EMBED_SWIFT_STANDARD_LIBRARIES = YES;
				CODE_SIGN_STYLE = Automatic;
				DEVELOPMENT_TEAM = 6RB7NH47H2;
				INFOPLIST_FILE = RetirementCalculatorUITests/Info.plist;
				LD_RUNPATH_SEARCH_PATHS = (
					"$(inherited)",
					"@executable_path/Frameworks",
					"@loader_path/Frameworks",
				);
				PRODUCT_BUNDLE_IDENTIFIER = com.bn.software.RetirementCalculatorUITests;
				PRODUCT_NAME = "$(TARGET_NAME)";
				SWIFT_VERSION = 5.0;
				TARGETED_DEVICE_FAMILY = "1,2";
				TEST_TARGET_NAME = RetirementCalculator;
			};
			name = Debug;
		};
		33C3DF952715D2AA0085BCE1 /* Release */ = {
			isa = XCBuildConfiguration;
			buildSettings = {
				ALWAYS_EMBED_SWIFT_STANDARD_LIBRARIES = YES;
				CODE_SIGN_STYLE = Automatic;
				DEVELOPMENT_TEAM = 6RB7NH47H2;
				INFOPLIST_FILE = RetirementCalculatorUITests/Info.plist;
				LD_RUNPATH_SEARCH_PATHS = (
					"$(inherited)",
					"@executable_path/Frameworks",
					"@loader_path/Frameworks",
				);
				PRODUCT_BUNDLE_IDENTIFIER = com.bn.software.RetirementCalculatorUITests;
				PRODUCT_NAME = "$(TARGET_NAME)";
				SWIFT_VERSION = 5.0;
				TARGETED_DEVICE_FAMILY = "1,2";
				TEST_TARGET_NAME = RetirementCalculator;
			};
			name = Release;
		};
/* End XCBuildConfiguration section */

/* Begin XCConfigurationList section */
		33C3DF5E2715D2A80085BCE1 /* Build configuration list for PBXProject "RetirementCalculator" */ = {
			isa = XCConfigurationList;
			buildConfigurations = (
				33C3DF8B2715D2AA0085BCE1 /* Debug */,
				33C3DF8C2715D2AA0085BCE1 /* Release */,
			);
			defaultConfigurationIsVisible = 0;
			defaultConfigurationName = Release;
		};
		33C3DF8D2715D2AA0085BCE1 /* Build configuration list for PBXNativeTarget "RetirementCalculator" */ = {
			isa = XCConfigurationList;
			buildConfigurations = (
				33C3DF8E2715D2AA0085BCE1 /* Debug */,
				33C3DF8F2715D2AA0085BCE1 /* Release */,
			);
			defaultConfigurationIsVisible = 0;
			defaultConfigurationName = Release;
		};
		33C3DF902715D2AA0085BCE1 /* Build configuration list for PBXNativeTarget "RetirementCalculatorTests" */ = {
			isa = XCConfigurationList;
			buildConfigurations = (
				33C3DF912715D2AA0085BCE1 /* Debug */,
				33C3DF922715D2AA0085BCE1 /* Release */,
			);
			defaultConfigurationIsVisible = 0;
			defaultConfigurationName = Release;
		};
		33C3DF932715D2AA0085BCE1 /* Build configuration list for PBXNativeTarget "RetirementCalculatorUITests" */ = {
			isa = XCConfigurationList;
			buildConfigurations = (
				33C3DF942715D2AA0085BCE1 /* Debug */,
				33C3DF952715D2AA0085BCE1 /* Release */,
			);
			defaultConfigurationIsVisible = 0;
			defaultConfigurationName = Release;
		};
/* End XCConfigurationList section */
	};
	rootObject = 33C3DF5B2715D2A80085BCE1 /* Project object */;
}
